github.com/google/uuid v1.6.0 h1:NIvaJDMOsjHA8n1jAhLSgzrAzy1Hgr+hNrb57e+94F0=
github.com/google/uuid v1.6.0/go.mod h1:TIyPZe4MgqvfeYDBFedMoGGpEw/LqOeaOT+nhxU+yHo=
github.com/skip2/go-qrcode v0.0.0-20200617195104-da1b6568686e h1:MRM5ITcdelLK2j1vwZ3Je0FKVCfqOLp5zO6trqMLYs0=
github.com/skip2/go-qrcode v0.0.0-20200617195104-da1b6568686e/go.mod h1:XV66xRDqSt+GTGFMVlhk3ULuV0y9ZmzeVGR4mloJI3M=
github.com/teris-io/shortid v0.0.0-20220617161101-71ec9f2aa569 h1:xzABM9let0HLLqFypcxvLmlvEciCHL7+Lv+4vwZqecI=
github.com/teris-io/shortid v0.0.0-20220617161101-71ec9f2aa569/go.mod h1:2Ly+NIftZN4de9zRmENdYbvPQeaVIYKWpLFStLFEBgI=
